<?xml version="1.0" encoding="UTF-8" standalone="yes" ?>
<CodeBlocks_project_file>
	<FileVersion major="1" minor="6" />
	<Project>
		<Option title="jeu" />
		<Option pch_mode="2" />
		<Option compiler="gcc" />
		<Build>
			<Target title="Debug">
				<Option output="bin/Debug/jeu" prefix_auto="1" extension_auto="1" />
				<Option object_output="obj/Debug/" />
				<Option type="1" />
				<Option compiler="gcc" />
				<Compiler>
					<Add option="-g" />
				</Compiler>
			</Target>
			<Target title="Release">
				<Option output="bin/Release/jeu" prefix_auto="1" extension_auto="1" />
				<Option object_output="obj/Release/" />
				<Option type="1" />
				<Option compiler="gcc" />
				<Compiler>
					<Add option="-O2" />
				</Compiler>
				<Linker>
					<Add option="-s" />
				</Linker>
			</Target>
		</Build>
		<Compiler>
			<Add option="-Wall" />
		</Compiler>
		<Unit filename="admin.h" />
		<Unit filename="couleur.h" />
		<Unit filename="default.h" />
		<Unit filename="duo.h" />
		<Unit filename="main.c">
			<Option compilerVar="CC" />
		</Unit>
		<Unit filename="my_file.txt" />
		<Unit filename="my_filetemp.txt" />
		<Unit filename="niveau.h" />
		<Unit filename="solo.h" />
		<Unit filename="supprimer.h" />
		<Unit filename="theme.h" />
		<Unit filename="theme_animeaux.txt_temp.txt" />
		<Unit filename="theme_choufli_hal.txt" />
		<Unit filename="theme_labsa_tounsiya.txt" />
		<Unit filename="theme_mekla_tounsiya.txt" />
		<Extensions>
			<lib_finder disable_auto="1" />
		</Extensions>
	</Project>
</CodeBlocks_project_file>
